{
  "name": "rachadalabiadekambi_3_06022021",
  "version": "1.0.0",
  "lockfileVersion": 2,
  "requires": true,
  "packages": {
    "": {
      "name": "rachadalabiadekambi_3_06022021",
      "version": "1.0.0",
      "license": "ISC",
      "dependencies": {
        "sass": "npm:undefined@*"
      }
    },
    "node_modules/sass": {}
  },
  "dependencies": {
    "sass": {}
  }
}
